
Microsoft Visual Studio Solution File, Format Version 12.00
# Visual Studio Version 16
VisualStudioVersion = 16.0.29326.143
MinimumVisualStudioVersion = 10.0.40219.1
Project("{FAE04EC0-301F-11D3-BF4B-00C04F79EFBC}") = "DemoAutomationTesting", "DemoAutomationTesting\DemoAutomationTesting.csproj", "{392A1130-53D7-4C4A-8B11-F6AD0BE5D8BD}"
EndProject
Global
	GlobalSection(SolutionConfigurationPlatforms) = preSolution
		Debug|Any CPU = Debug|Any CPU
		Release|Any CPU = Release|Any CPU
	EndGlobalSection
	GlobalSection(ProjectConfigurationPlatforms) = postSolution
		{392A1130-53D7-4C4A-8B11-F6AD0BE5D8BD}.Debug|Any CPU.ActiveCfg = Debug|Any CPU
		{392A1130-53D7-4C4A-8B11-F6AD0BE5D8BD}.Debug|Any CPU.Build.0 = Debug|Any CPU
		{392A1130-53D7-4C4A-8B11-F6AD0BE5D8BD}.Release|Any CPU.ActiveCfg = Release|Any CPU
		{392A1130-53D7-4C4A-8B11-F6AD0BE5D8BD}.Release|Any CPU.Build.0 = Release|Any CPU
	EndGlobalSection
	GlobalSection(SolutionProperties) = preSolution
		HideSolutionNode = FALSE
	EndGlobalSection
	GlobalSection(ExtensibilityGlobals) = postSolution
		SolutionGuid = {E74F0A47-EF40-4E4C-B8EF-290E50DDA652}
	EndGlobalSection
EndGlobal
